// !$*UTF8*$!
{
	archiveVersion = 1;
	classes = {
	};
	objectVersion = 50;
	objects = {

/* Begin PBXBuildFile section */
		313B30D822427686007B35BD /* AppDelegate.swift in Sources */ = {isa = PBXBuildFile; fileRef = 313B30D722427686007B35BD /* AppDelegate.swift */; };
		313B30DA22427686007B35BD /* BeginRunVC.swift in Sources */ = {isa = PBXBuildFile; fileRef = 313B30D922427686007B35BD /* BeginRunVC.swift */; };
		313B30DC22427687007B35BD /* RunLogVC.swift in Sources */ = {isa = PBXBuildFile; fileRef = 313B30DB22427687007B35BD /* RunLogVC.swift */; };
		313B30DF22427687007B35BD /* Main.storyboard in Resources */ = {isa = PBXBuildFile; fileRef = 313B30DD22427687007B35BD /* Main.storyboard */; };
		313B30E122427687007B35BD /* Assets.xcassets in Resources */ = {isa = PBXBuildFile; fileRef = 313B30E022427687007B35BD /* Assets.xcassets */; };
		313B30E422427687007B35BD /* LaunchScreen.storyboard in Resources */ = {isa = PBXBuildFile; fileRef = 313B30E222427687007B35BD /* LaunchScreen.storyboard */; };
		31C379F22243AC4A0050505D /* Montserrat-MediumItalic.ttf in Resources */ = {isa = PBXBuildFile; fileRef = 31C379E02243AC480050505D /* Montserrat-MediumItalic.ttf */; };
		31C379F32243AC4A0050505D /* Montserrat-Regular.ttf in Resources */ = {isa = PBXBuildFile; fileRef = 31C379E12243AC480050505D /* Montserrat-Regular.ttf */; };
		31C379F42243AC4A0050505D /* Montserrat-LightItalic.ttf in Resources */ = {isa = PBXBuildFile; fileRef = 31C379E22243AC480050505D /* Montserrat-LightItalic.ttf */; };
		31C379F52243AC4A0050505D /* Montserrat-Light.ttf in Resources */ = {isa = PBXBuildFile; fileRef = 31C379E32243AC480050505D /* Montserrat-Light.ttf */; };
		31C379F62243AC4A0050505D /* Montserrat-ExtraBoldItalic.ttf in Resources */ = {isa = PBXBuildFile; fileRef = 31C379E42243AC480050505D /* Montserrat-ExtraBoldItalic.ttf */; };
		31C379F72243AC4A0050505D /* Montserrat-Black.ttf in Resources */ = {isa = PBXBuildFile; fileRef = 31C379E52243AC490050505D /* Montserrat-Black.ttf */; };
		31C379F82243AC4A0050505D /* Montserrat-Bold.ttf in Resources */ = {isa = PBXBuildFile; fileRef = 31C379E62243AC490050505D /* Montserrat-Bold.ttf */; };
		31C379F92243AC4A0050505D /* Montserrat-ExtraLight.ttf in Resources */ = {isa = PBXBuildFile; fileRef = 31C379E72243AC490050505D /* Montserrat-ExtraLight.ttf */; };
		31C379FA2243AC4A0050505D /* Montserrat-BlackItalic.ttf in Resources */ = {isa = PBXBuildFile; fileRef = 31C379E82243AC490050505D /* Montserrat-BlackItalic.ttf */; };
		31C379FB2243AC4A0050505D /* Montserrat-SemiBold.ttf in Resources */ = {isa = PBXBuildFile; fileRef = 31C379E92243AC490050505D /* Montserrat-SemiBold.ttf */; };
		31C379FC2243AC4A0050505D /* Montserrat-Thin.ttf in Resources */ = {isa = PBXBuildFile; fileRef = 31C379EA2243AC490050505D /* Montserrat-Thin.ttf */; };
		31C379FD2243AC4A0050505D /* Montserrat-SemiBoldItalic.ttf in Resources */ = {isa = PBXBuildFile; fileRef = 31C379EB2243AC490050505D /* Montserrat-SemiBoldItalic.ttf */; };
		31C379FE2243AC4A0050505D /* Montserrat-Medium.ttf in Resources */ = {isa = PBXBuildFile; fileRef = 31C379EC2243AC490050505D /* Montserrat-Medium.ttf */; };
		31C379FF2243AC4A0050505D /* Montserrat-ExtraBold.ttf in Resources */ = {isa = PBXBuildFile; fileRef = 31C379ED2243AC4A0050505D /* Montserrat-ExtraBold.ttf */; };
		31C37A002243AC4A0050505D /* Montserrat-ThinItalic.ttf in Resources */ = {isa = PBXBuildFile; fileRef = 31C379EE2243AC4A0050505D /* Montserrat-ThinItalic.ttf */; };
		31C37A012243AC4A0050505D /* Montserrat-BoldItalic.ttf in Resources */ = {isa = PBXBuildFile; fileRef = 31C379EF2243AC4A0050505D /* Montserrat-BoldItalic.ttf */; };
		31C37A022243AC4A0050505D /* Montserrat-ExtraLightItalic.ttf in Resources */ = {isa = PBXBuildFile; fileRef = 31C379F02243AC4A0050505D /* Montserrat-ExtraLightItalic.ttf */; };
		31C37A032243AC4A0050505D /* Montserrat-Italic.ttf in Resources */ = {isa = PBXBuildFile; fileRef = 31C379F12243AC4A0050505D /* Montserrat-Italic.ttf */; };
		31C37A052243C2800050505D /* LocationVC.swift in Sources */ = {isa = PBXBuildFile; fileRef = 31C37A042243C2800050505D /* LocationVC.swift */; };
		31C37A072243C6780050505D /* CurrentRunVC.swift in Sources */ = {isa = PBXBuildFile; fileRef = 31C37A062243C6780050505D /* CurrentRunVC.swift */; };
/* End PBXBuildFile section */

/* Begin PBXFileReference section */
		313B30D422427686007B35BD /* Treads.app */ = {isa = PBXFileReference; explicitFileType = wrapper.application; includeInIndex = 0; path = Treads.app; sourceTree = BUILT_PRODUCTS_DIR; };
		313B30D722427686007B35BD /* AppDelegate.swift */ = {isa = PBXFileReference; lastKnownFileType = sourcecode.swift; path = AppDelegate.swift; sourceTree = "<group>"; };
		313B30D922427686007B35BD /* BeginRunVC.swift */ = {isa = PBXFileReference; lastKnownFileType = sourcecode.swift; path = BeginRunVC.swift; sourceTree = "<group>"; };
		313B30DB22427687007B35BD /* RunLogVC.swift */ = {isa = PBXFileReference; lastKnownFileType = sourcecode.swift; path = RunLogVC.swift; sourceTree = "<group>"; };
		313B30DE22427687007B35BD /* Base */ = {isa = PBXFileReference; lastKnownFileType = file.storyboard; name = Base; path = Base.lproj/Main.storyboard; sourceTree = "<group>"; };
		313B30E022427687007B35BD /* Assets.xcassets */ = {isa = PBXFileReference; lastKnownFileType = folder.assetcatalog; path = Assets.xcassets; sourceTree = "<group>"; };
		313B30E322427687007B35BD /* Base */ = {isa = PBXFileReference; lastKnownFileType = file.storyboard; name = Base; path = Base.lproj/LaunchScreen.storyboard; sourceTree = "<group>"; };
		313B30E522427687007B35BD /* Info.plist */ = {isa = PBXFileReference; lastKnownFileType = text.plist.xml; path = Info.plist; sourceTree = "<group>"; };
		31C379E02243AC480050505D /* Montserrat-MediumItalic.ttf */ = {isa = PBXFileReference; lastKnownFileType = file; path = "Montserrat-MediumItalic.ttf"; sourceTree = "<group>"; };
		31C379E12243AC480050505D /* Montserrat-Regular.ttf */ = {isa = PBXFileReference; lastKnownFileType = file; path = "Montserrat-Regular.ttf"; sourceTree = "<group>"; };
		31C379E22243AC480050505D /* Montserrat-LightItalic.ttf */ = {isa = PBXFileReference; lastKnownFileType = file; path = "Montserrat-LightItalic.ttf"; sourceTree = "<group>"; };
		31C379E32243AC480050505D /* Montserrat-Light.ttf */ = {isa = PBXFileReference; lastKnownFileType = file; path = "Montserrat-Light.ttf"; sourceTree = "<group>"; };
		31C379E42243AC480050505D /* Montserrat-ExtraBoldItalic.ttf */ = {isa = PBXFileReference; lastKnownFileType = file; path = "Montserrat-ExtraBoldItalic.ttf"; sourceTree = "<group>"; };
		31C379E52243AC490050505D /* Montserrat-Black.ttf */ = {isa = PBXFileReference; lastKnownFileType = file; path = "Montserrat-Black.ttf"; sourceTree = "<group>"; };
		31C379E62243AC490050505D /* Montserrat-Bold.ttf */ = {isa = PBXFileReference; lastKnownFileType = file; path = "Montserrat-Bold.ttf"; sourceTree = "<group>"; };
		31C379E72243AC490050505D /* Montserrat-ExtraLight.ttf */ = {isa = PBXFileReference; lastKnownFileType = file; path = "Montserrat-ExtraLight.ttf"; sourceTree = "<group>"; };
		31C379E82243AC490050505D /* Montserrat-BlackItalic.ttf */ = {isa = PBXFileReference; lastKnownFileType = file; path = "Montserrat-BlackItalic.ttf"; sourceTree = "<group>"; };
		31C379E92243AC490050505D /* Montserrat-SemiBold.ttf */ = {isa = PBXFileReference; lastKnownFileType = file; path = "Montserrat-SemiBold.ttf"; sourceTree = "<group>"; };
		31C379EA2243AC490050505D /* Montserrat-Thin.ttf */ = {isa = PBXFileReference; lastKnownFileType = file; path = "Montserrat-Thin.ttf"; sourceTree = "<group>"; };
		31C379EB2243AC490050505D /* Montserrat-SemiBoldItalic.ttf */ = {isa = PBXFileReference; lastKnownFileType = file; path = "Montserrat-SemiBoldItalic.ttf"; sourceTree = "<group>"; };
		31C379EC2243AC490050505D /* Montserrat-Medium.ttf */ = {isa = PBXFileReference; lastKnownFileType = file; path = "Montserrat-Medium.ttf"; sourceTree = "<group>"; };
		31C379ED2243AC4A0050505D /* Montserrat-ExtraBold.ttf */ = {isa = PBXFileReference; lastKnownFileType = file; path = "Montserrat-ExtraBold.ttf"; sourceTree = "<group>"; };
		31C379EE2243AC4A0050505D /* Montserrat-ThinItalic.ttf */ = {isa = PBXFileReference; lastKnownFileType = file; path = "Montserrat-ThinItalic.ttf"; sourceTree = "<group>"; };
		31C379EF2243AC4A0050505D /* Montserrat-BoldItalic.ttf */ = {isa = PBXFileReference; lastKnownFileType = file; path = "Montserrat-BoldItalic.ttf"; sourceTree = "<group>"; };
		31C379F02243AC4A0050505D /* Montserrat-ExtraLightItalic.ttf */ = {isa = PBXFileReference; lastKnownFileType = file; path = "Montserrat-ExtraLightItalic.ttf"; sourceTree = "<group>"; };
		31C379F12243AC4A0050505D /* Montserrat-Italic.ttf */ = {isa = PBXFileReference; lastKnownFileType = file; path = "Montserrat-Italic.ttf"; sourceTree = "<group>"; };
		31C37A042243C2800050505D /* LocationVC.swift */ = {isa = PBXFileReference; lastKnownFileType = sourcecode.swift; path = LocationVC.swift; sourceTree = "<group>"; };
		31C37A062243C6780050505D /* CurrentRunVC.swift */ = {isa = PBXFileReference; lastKnownFileType = sourcecode.swift; path = CurrentRunVC.swift; sourceTree = "<group>"; };
/* End PBXFileReference section */

/* Begin PBXFrameworksBuildPhase section */
		313B30D122427686007B35BD /* Frameworks */ = {
			isa = PBXFrameworksBuildPhase;
			buildActionMask = 2147483647;
			files = (
			);
			runOnlyForDeploymentPostprocessing = 0;
		};
/* End PBXFrameworksBuildPhase section */

/* Begin PBXGroup section */
		313B30CB22427686007B35BD = {
			isa = PBXGroup;
			children = (
				313B30D622427686007B35BD /* Treads */,
				313B30D522427686007B35BD /* Products */,
			);
			sourceTree = "<group>";
		};
		313B30D522427686007B35BD /* Products */ = {
			isa = PBXGroup;
			children = (
				313B30D422427686007B35BD /* Treads.app */,
			);
			name = Products;
			sourceTree = "<group>";
		};
		313B30D622427686007B35BD /* Treads */ = {
			isa = PBXGroup;
			children = (
				31C379DF2243AB0F0050505D /* View */,
				31C379DE2243AB080050505D /* Model */,
				31C379DD2243AAFC0050505D /* Controller */,
				31C379DC2243AAF00050505D /* Uitilities */,
				31C379DB2243AAD00050505D /* Extension */,
				31C379DA2243AA770050505D /* Resources */,
				313B30D722427686007B35BD /* AppDelegate.swift */,
				313B30DD22427687007B35BD /* Main.storyboard */,
				313B30E022427687007B35BD /* Assets.xcassets */,
				313B30E222427687007B35BD /* LaunchScreen.storyboard */,
				313B30E522427687007B35BD /* Info.plist */,
			);
			path = Treads;
			sourceTree = "<group>";
		};
		31C379DA2243AA770050505D /* Resources */ = {
			isa = PBXGroup;
			children = (
				31C379E52243AC490050505D /* Montserrat-Black.ttf */,
				31C379E82243AC490050505D /* Montserrat-BlackItalic.ttf */,
				31C379E62243AC490050505D /* Montserrat-Bold.ttf */,
				31C379EF2243AC4A0050505D /* Montserrat-BoldItalic.ttf */,
				31C379ED2243AC4A0050505D /* Montserrat-ExtraBold.ttf */,
				31C379E42243AC480050505D /* Montserrat-ExtraBoldItalic.ttf */,
				31C379E72243AC490050505D /* Montserrat-ExtraLight.ttf */,
				31C379F02243AC4A0050505D /* Montserrat-ExtraLightItalic.ttf */,
				31C379F12243AC4A0050505D /* Montserrat-Italic.ttf */,
				31C379E32243AC480050505D /* Montserrat-Light.ttf */,
				31C379E22243AC480050505D /* Montserrat-LightItalic.ttf */,
				31C379EC2243AC490050505D /* Montserrat-Medium.ttf */,
				31C379E02243AC480050505D /* Montserrat-MediumItalic.ttf */,
				31C379E12243AC480050505D /* Montserrat-Regular.ttf */,
				31C379E92243AC490050505D /* Montserrat-SemiBold.ttf */,
				31C379EB2243AC490050505D /* Montserrat-SemiBoldItalic.ttf */,
				31C379EA2243AC490050505D /* Montserrat-Thin.ttf */,
				31C379EE2243AC4A0050505D /* Montserrat-ThinItalic.ttf */,
			);
			path = Resources;
			sourceTree = "<group>";
		};
		31C379DB2243AAD00050505D /* Extension */ = {
			isa = PBXGroup;
			children = (
			);
			path = Extension;
			sourceTree = "<group>";
		};
		31C379DC2243AAF00050505D /* Uitilities */ = {
			isa = PBXGroup;
			children = (
			);
			path = Uitilities;
			sourceTree = "<group>";
		};
		31C379DD2243AAFC0050505D /* Controller */ = {
			isa = PBXGroup;
			children = (
				31C37A042243C2800050505D /* LocationVC.swift */,
				313B30D922427686007B35BD /* BeginRunVC.swift */,
				313B30DB22427687007B35BD /* RunLogVC.swift */,
				31C37A062243C6780050505D /* CurrentRunVC.swift */,
			);
			path = Controller;
			sourceTree = "<group>";
		};
		31C379DE2243AB080050505D /* Model */ = {
			isa = PBXGroup;
			children = (
			);
			path = Model;
			sourceTree = "<group>";
		};
		31C379DF2243AB0F0050505D /* View */ = {
			isa = PBXGroup;
			children = (
			);
			path = View;
			sourceTree = "<group>";
		};
/* End PBXGroup section */

/* Begin PBXNativeTarget section */
		313B30D322427686007B35BD /* Treads */ = {
			isa = PBXNativeTarget;
			buildConfigurationList = 313B30E822427687007B35BD /* Build configuration list for PBXNativeTarget "Treads" */;
			buildPhases = (
				313B30D022427686007B35BD /* Sources */,
				313B30D122427686007B35BD /* Frameworks */,
				313B30D222427686007B35BD /* Resources */,
			);
			buildRules = (
			);
			dependencies = (
			);
			name = Treads;
			productName = Treads;
			productReference = 313B30D422427686007B35BD /* Treads.app */;
			productType = "com.apple.product-type.application";
		};
/* End PBXNativeTarget section */

/* Begin PBXProject section */
		313B30CC22427686007B35BD /* Project object */ = {
			isa = PBXProject;
			attributes = {
				LastSwiftUpdateCheck = 1010;
				LastUpgradeCheck = 1010;
				ORGANIZATIONNAME = "Ahmad Fatayri";
				TargetAttributes = {
					313B30D322427686007B35BD = {
						CreatedOnToolsVersion = 10.1;
					};
				};
			};
			buildConfigurationList = 313B30CF22427686007B35BD /* Build configuration list for PBXProject "Treads" */;
			compatibilityVersion = "Xcode 9.3";
			developmentRegion = en;
			hasScannedForEncodings = 0;
			knownRegions = (
				en,
				Base,
			);
			mainGroup = 313B30CB22427686007B35BD;
			productRefGroup = 313B30D522427686007B35BD /* Products */;
			projectDirPath = "";
			projectRoot = "";
			targets = (
				313B30D322427686007B35BD /* Treads */,
			);
		};
/* End PBXProject section */

/* Begin PBXResourcesBuildPhase section */
		313B30D222427686007B35BD /* Resources */ = {
			isa = PBXResourcesBuildPhase;
			buildActionMask = 2147483647;
			files = (
				31C379FF2243AC4A0050505D /* Montserrat-ExtraBold.ttf in Resources */,
				31C379F82243AC4A0050505D /* Montserrat-Bold.ttf in Resources */,
				31C379F52243AC4A0050505D /* Montserrat-Light.ttf in Resources */,
				31C379FB2243AC4A0050505D /* Montserrat-SemiBold.ttf in Resources */,
				31C379FD2243AC4A0050505D /* Montserrat-SemiBoldItalic.ttf in Resources */,
				31C379F62243AC4A0050505D /* Montserrat-ExtraBoldItalic.ttf in Resources */,
				31C37A032243AC4A0050505D /* Montserrat-Italic.ttf in Resources */,
				313B30E422427687007B35BD /* LaunchScreen.storyboard in Resources */,
				313B30E122427687007B35BD /* Assets.xcassets in Resources */,
				31C379FC2243AC4A0050505D /* Montserrat-Thin.ttf in Resources */,
				31C379F42243AC4A0050505D /* Montserrat-LightItalic.ttf in Resources */,
				31C379F92243AC4A0050505D /* Montserrat-ExtraLight.ttf in Resources */,
				31C379F22243AC4A0050505D /* Montserrat-MediumItalic.ttf in Resources */,
				31C379F32243AC4A0050505D /* Montserrat-Regular.ttf in Resources */,
				31C37A012243AC4A0050505D /* Montserrat-BoldItalic.ttf in Resources */,
				31C379FA2243AC4A0050505D /* Montserrat-BlackItalic.ttf in Resources */,
				31C37A002243AC4A0050505D /* Montserrat-ThinItalic.ttf in Resources */,
				313B30DF22427687007B35BD /* Main.storyboard in Resources */,
				31C37A022243AC4A0050505D /* Montserrat-ExtraLightItalic.ttf in Resources */,
				31C379FE2243AC4A0050505D /* Montserrat-Medium.ttf in Resources */,
				31C379F72243AC4A0050505D /* Montserrat-Black.ttf in Resources */,
			);
			runOnlyForDeploymentPostprocessing = 0;
		};
/* End PBXResourcesBuildPhase section */

/* Begin PBXSourcesBuildPhase section */
		313B30D022427686007B35BD /* Sources */ = {
			isa = PBXSourcesBuildPhase;
			buildActionMask = 2147483647;
			files = (
				31C37A072243C6780050505D /* CurrentRunVC.swift in Sources */,
				313B30DC22427687007B35BD /* RunLogVC.swift in Sources */,
				31C37A052243C2800050505D /* LocationVC.swift in Sources */,
				313B30D822427686007B35BD /* AppDelegate.swift in Sources */,
				313B30DA22427686007B35BD /* BeginRunVC.swift in Sources */,
			);
			runOnlyForDeploymentPostprocessing = 0;
		};
/* End PBXSourcesBuildPhase section */

/* Begin PBXVariantGroup section */
		313B30DD22427687007B35BD /* Main.storyboard */ = {
			isa = PBXVariantGroup;
			children = (
				313B30DE22427687007B35BD /* Base */,
			);
			name = Main.storyboard;
			sourceTree = "<group>";
		};
		313B30E222427687007B35BD /* LaunchScreen.storyboard */ = {
			isa = PBXVariantGroup;
			children = (
				313B30E322427687007B35BD /* Base */,
			);
			name = LaunchScreen.storyboard;
			sourceTree = "<group>";
		};
/* End PBXVariantGroup section */

/* Begin XCBuildConfiguration section */
		313B30E622427687007B35BD /* Debug */ = {
			isa = XCBuildConfiguration;
			buildSettings = {
				ALWAYS_SEARCH_USER_PATHS = NO;
				CLANG_ANALYZER_NONNULL = YES;
				CLANG_ANALYZER_NUMBER_OBJECT_CONVERSION = YES_AGGRESSIVE;
				CLANG_CXX_LANGUAGE_STANDARD = "gnu++14";
				CLANG_CXX_LIBRARY = "libc++";
				CLANG_ENABLE_MODULES = YES;
				CLANG_ENABLE_OBJC_ARC = YES;
				CLANG_ENABLE_OBJC_WEAK = YES;
				CLANG_WARN_BLOCK_CAPTURE_AUTORELEASING = YES;
				CLANG_WARN_BOOL_CONVERSION = YES;
				CLANG_WARN_COMMA = YES;
				CLANG_WARN_CONSTANT_CONVERSION = YES;
				CLANG_WARN_DEPRECATED_OBJC_IMPLEMENTATIONS = YES;
				CLANG_WARN_DIRECT_OBJC_ISA_USAGE = YES_ERROR;
				CLANG_WARN_DOCUMENTATION_COMMENTS = YES;
				CLANG_WARN_EMPTY_BODY = YES;
				CLANG_WARN_ENUM_CONVERSION = YES;
				CLANG_WARN_INFINITE_RECURSION = YES;
				CLANG_WARN_INT_CONVERSION = YES;
				CLANG_WARN_NON_LITERAL_NULL_CONVERSION = YES;
				CLANG_WARN_OBJC_IMPLICIT_RETAIN_SELF = YES;
				CLANG_WARN_OBJC_LITERAL_CONVERSION = YES;
				CLANG_WARN_OBJC_ROOT_CLASS = YES_ERROR;
				CLANG_WARN_RANGE_LOOP_ANALYSIS = YES;
				CLANG_WARN_STRICT_PROTOTYPES = YES;
				CLANG_WARN_SUSPICIOUS_MOVE = YES;
				CLANG_WARN_UNGUARDED_AVAILABILITY = YES_AGGRESSIVE;
				CLANG_WARN_UNREACHABLE_CODE = YES;
				CLANG_WARN__DUPLICATE_METHOD_MATCH = YES;
				CODE_SIGN_IDENTITY = "iPhone Developer";
				COPY_PHASE_STRIP = NO;
				DEBUG_INFORMATION_FORMAT = dwarf;
				ENABLE_STRICT_OBJC_MSGSEND = YES;
				ENABLE_TESTABILITY = YES;
				GCC_C_LANGUAGE_STANDARD = gnu11;
				GCC_DYNAMIC_NO_PIC = NO;
				GCC_NO_COMMON_BLOCKS = YES;
				GCC_OPTIMIZATION_LEVEL = 0;
				GCC_PREPROCESSOR_DEFINITIONS = (
					"DEBUG=1",
					"$(inherited)",
				);
				GCC_WARN_64_TO_32_BIT_CONVERSION = YES;
				GCC_WARN_ABOUT_RETURN_TYPE = YES_ERROR;
				GCC_WARN_UNDECLARED_SELECTOR = YES;
				GCC_WARN_UNINITIALIZED_AUTOS = YES_AGGRESSIVE;
				GCC_WARN_UNUSED_FUNCTION = YES;
				GCC_WARN_UNUSED_VARIABLE = YES;
				IPHONEOS_DEPLOYMENT_TARGET = 12.1;
				MTL_ENABLE_DEBUG_INFO = INCLUDE_SOURCE;
				MTL_FAST_MATH = YES;
				ONLY_ACTIVE_ARCH = YES;
				SDKROOT = iphoneos;
				SWIFT_ACTIVE_COMPILATION_CONDITIONS = DEBUG;
				SWIFT_OPTIMIZATION_LEVEL = "-Onone";
			};
			name = Debug;
		};
		313B30E722427687007B35BD /* Release */ = {
			isa = XCBuildConfiguration;
			buildSettings = {
				ALWAYS_SEARCH_USER_PATHS = NO;
				CLANG_ANALYZER_NONNULL = YES;
				CLANG_ANALYZER_NUMBER_OBJECT_CONVERSION = YES_AGGRESSIVE;
				CLANG_CXX_LANGUAGE_STANDARD = "gnu++14";
				CLANG_CXX_LIBRARY = "libc++";
				CLANG_ENABLE_MODULES = YES;
				CLANG_ENABLE_OBJC_ARC = YES;
				CLANG_ENABLE_OBJC_WEAK = YES;
				CLANG_WARN_BLOCK_CAPTURE_AUTORELEASING = YES;
				CLANG_WARN_BOOL_CONVERSION = YES;
				CLANG_WARN_COMMA = YES;
				CLANG_WARN_CONSTANT_CONVERSION = YES;
				CLANG_WARN_DEPRECATED_OBJC_IMPLEMENTATIONS = YES;
				CLANG_WARN_DIRECT_OBJC_ISA_USAGE = YES_ERROR;
				CLANG_WARN_DOCUMENTATION_COMMENTS = YES;
				CLANG_WARN_EMPTY_BODY = YES;
				CLANG_WARN_ENUM_CONVERSION = YES;
				CLANG_WARN_INFINITE_RECURSION = YES;
				CLANG_WARN_INT_CONVERSION = YES;
				CLANG_WARN_NON_LITERAL_NULL_CONVERSION = YES;
				CLANG_WARN_OBJC_IMPLICIT_RETAIN_SELF = YES;
				CLANG_WARN_OBJC_LITERAL_CONVERSION = YES;
				CLANG_WARN_OBJC_ROOT_CLASS = YES_ERROR;
				CLANG_WARN_RANGE_LOOP_ANALYSIS = YES;
				CLANG_WARN_STRICT_PROTOTYPES = YES;
				CLANG_WARN_SUSPICIOUS_MOVE = YES;
				CLANG_WARN_UNGUARDED_AVAILABILITY = YES_AGGRESSIVE;
				CLANG_WARN_UNREACHABLE_CODE = YES;
				CLANG_WARN__DUPLICATE_METHOD_MATCH = YES;
				CODE_SIGN_IDENTITY = "iPhone Developer";
				COPY_PHASE_STRIP = NO;
				DEBUG_INFORMATION_FORMAT = "dwarf-with-dsym";
				ENABLE_NS_ASSERTIONS = NO;
				ENABLE_STRICT_OBJC_MSGSEND = YES;
				GCC_C_LANGUAGE_STANDARD = gnu11;
				GCC_NO_COMMON_BLOCKS = YES;
				GCC_WARN_64_TO_32_BIT_CONVERSION = YES;
				GCC_WARN_ABOUT_RETURN_TYPE = YES_ERROR;
				GCC_WARN_UNDECLARED_SELECTOR = YES;
				GCC_WARN_UNINITIALIZED_AUTOS = YES_AGGRESSIVE;
				GCC_WARN_UNUSED_FUNCTION = YES;
				GCC_WARN_UNUSED_VARIABLE = YES;
				IPHONEOS_DEPLOYMENT_TARGET = 12.1;
				MTL_ENABLE_DEBUG_INFO = NO;
				MTL_FAST_MATH = YES;
				SDKROOT = iphoneos;
				SWIFT_COMPILATION_MODE = wholemodule;
				SWIFT_OPTIMIZATION_LEVEL = "-O";
				VALIDATE_PRODUCT = YES;
			};
			name = Release;
		};
		313B30E922427687007B35BD /* Debug */ = {
			isa = XCBuildConfiguration;
			buildSettings = {
				ASSETCATALOG_COMPILER_APPICON_NAME = AppIcon;
				CODE_SIGN_STYLE = Automatic;
				DEVELOPMENT_TEAM = C9X8D3TQ9G;
				INFOPLIST_FILE = Treads/Info.plist;
				LD_RUNPATH_SEARCH_PATHS = (
					"$(inherited)",
					"@executable_path/Frameworks",
				);
				PRODUCT_BUNDLE_IDENTIFIER = com.testt.Treads;
				PRODUCT_NAME = "$(TARGET_NAME)";
				SWIFT_VERSION = 4.2;
				TARGETED_DEVICE_FAMILY = "1,2";
			};
			name = Debug;
		};
		313B30EA22427687007B35BD /* Release */ = {
			isa = XCBuildConfiguration;
			buildSettings = {
				ASSETCATALOG_COMPILER_APPICON_NAME = AppIcon;
				CODE_SIGN_STYLE = Automatic;
				DEVELOPMENT_TEAM = C9X8D3TQ9G;
				INFOPLIST_FILE = Treads/Info.plist;
				LD_RUNPATH_SEARCH_PATHS = (
					"$(inherited)",
					"@executable_path/Frameworks",
				);
				PRODUCT_BUNDLE_IDENTIFIER = com.testt.Treads;
				PRODUCT_NAME = "$(TARGET_NAME)";
				SWIFT_VERSION = 4.2;
				TARGETED_DEVICE_FAMILY = "1,2";
			};
			name = Release;
		};
/* End XCBuildConfiguration section */

/* Begin XCConfigurationList section */
		313B30CF22427686007B35BD /* Build configuration list for PBXProject "Treads" */ = {
			isa = XCConfigurationList;
			buildConfigurations = (
				313B30E622427687007B35BD /* Debug */,
				313B30E722427687007B35BD /* Release */,
			);
			defaultConfigurationIsVisible = 0;
			defaultConfigurationName = Release;
		};
		313B30E822427687007B35BD /* Build configuration list for PBXNativeTarget "Treads" */ = {
			isa = XCConfigurationList;
			buildConfigurations = (
				313B30E922427687007B35BD /* Debug */,
				313B30EA22427687007B35BD /* Release */,
			);
			defaultConfigurationIsVisible = 0;
			defaultConfigurationName = Release;
		};
/* End XCConfigurationList section */
	};
	rootObject = 313B30CC22427686007B35BD /* Project object */;
}
